// !$*UTF8*$!
{
	archiveVersion = 1;
	classes = {
	};
	objectVersion = 77;
	objects = {

/* Begin PBXBuildFile section */
		8106B31A2FD60BE70035F498 /* FirebaseAI in Frameworks */ = {isa = PBXBuildFile; productRef = 8106B3192FD60BE70035F498 /* FirebaseAI */; };
		8106B31C2FD60BE70035F498 /* FirebaseAILogic in Frameworks */ = {isa = PBXBuildFile; productRef = 8106B31B2FD60BE70035F498 /* FirebaseAILogic */; };
		8106B31E2FD60BE70035F498 /* FirebaseAnalytics in Frameworks */ = {isa = PBXBuildFile; productRef = 8106B31D2FD60BE70035F498 /* FirebaseAnalytics */; };
		8106B3202FD60BE70035F498 /* FirebaseAnalyticsCore in Frameworks */ = {isa = PBXBuildFile; productRef = 8106B31F2FD60BE70035F498 /* FirebaseAnalyticsCore */; };
		8106B3222FD60BE70035F498 /* FirebaseAnalyticsIdentitySupport in Frameworks */ = {isa = PBXBuildFile; productRef = 8106B3212FD60BE70035F498 /* FirebaseAnalyticsIdentitySupport */; };
		8106B3242FD60BE70035F498 /* FirebaseAppCheck in Frameworks */ = {isa = PBXBuildFile; productRef = 8106B3232FD60BE70035F498 /* FirebaseAppCheck */; };
		8106B3262FD60BE70035F498 /* FirebaseAppDistribution-Beta in Frameworks */ = {isa = PBXBuildFile; productRef = 8106B3252FD60BE70035F498 /* FirebaseAppDistribution-Beta */; };
		8106B3282FD60BE70035F498 /* FirebaseAuth in Frameworks */ = {isa = PBXBuildFile; productRef = 8106B3272FD60BE70035F498 /* FirebaseAuth */; };
		8106B32A2FD60BE70035F498 /* FirebaseAuthCombine-Community in Frameworks */ = {isa = PBXBuildFile; productRef = 8106B3292FD60BE70035F498 /* FirebaseAuthCombine-Community */; };
		8106B32C2FD60BE70035F498 /* FirebaseCore in Frameworks */ = {isa = PBXBuildFile; productRef = 8106B32B2FD60BE70035F498 /* FirebaseCore */; };
		8106B32E2FD60BE70035F498 /* FirebaseCrashlytics in Frameworks */ = {isa = PBXBuildFile; productRef = 8106B32D2FD60BE70035F498 /* FirebaseCrashlytics */; };
		8106B3302FD60BE70035F498 /* FirebaseDatabase in Frameworks */ = {isa = PBXBuildFile; productRef = 8106B32F2FD60BE70035F498 /* FirebaseDatabase */; };
		8106B3322FD60BE70035F498 /* FirebaseFirestore in Frameworks */ = {isa = PBXBuildFile; productRef = 8106B3312FD60BE70035F498 /* FirebaseFirestore */; };
		8106B3342FD60BE70035F498 /* FirebaseFirestoreCombine-Community in Frameworks */ = {isa = PBXBuildFile; productRef = 8106B3332FD60BE70035F498 /* FirebaseFirestoreCombine-Community */; };
		8106B3362FD60BE70035F498 /* FirebaseFunctions in Frameworks */ = {isa = PBXBuildFile; productRef = 8106B3352FD60BE70035F498 /* FirebaseFunctions */; };
		8106B3382FD60BE70035F498 /* FirebaseFunctionsCombine-Community in Frameworks */ = {isa = PBXBuildFile; productRef = 8106B3372FD60BE70035F498 /* FirebaseFunctionsCombine-Community */; };
		8106B33A2FD60BE70035F498 /* FirebaseInAppMessaging-Beta in Frameworks */ = {isa = PBXBuildFile; productRef = 8106B3392FD60BE70035F498 /* FirebaseInAppMessaging-Beta */; };
		8106B33C2FD60BE70035F498 /* FirebaseInstallations in Frameworks */ = {isa = PBXBuildFile; productRef = 8106B33B2FD60BE70035F498 /* FirebaseInstallations */; };
		8106B33E2FD60BE70035F498 /* FirebaseMLModelDownloader in Frameworks */ = {isa = PBXBuildFile; productRef = 8106B33D2FD60BE70035F498 /* FirebaseMLModelDownloader */; };
		8106B3402FD60BE70035F498 /* FirebaseMessaging in Frameworks */ = {isa = PBXBuildFile; productRef = 8106B33F2FD60BE70035F498 /* FirebaseMessaging */; };
		8106B3422FD60BE70035F498 /* FirebasePerformance in Frameworks */ = {isa = PBXBuildFile; productRef = 8106B3412FD60BE70035F498 /* FirebasePerformance */; };
		8106B3442FD60BE70035F498 /* FirebaseRemoteConfig in Frameworks */ = {isa = PBXBuildFile; productRef = 8106B3432FD60BE70035F498 /* FirebaseRemoteConfig */; };
		8106B3462FD60BE70035F498 /* FirebaseStorage in Frameworks */ = {isa = PBXBuildFile; productRef = 8106B3452FD60BE70035F498 /* FirebaseStorage */; };
		8106B3482FD60BE70035F498 /* FirebaseStorageCombine-Community in Frameworks */ = {isa = PBXBuildFile; productRef = 8106B3472FD60BE70035F498 /* FirebaseStorageCombine-Community */; };
/* End PBXBuildFile section */

/* Begin PBXFileReference section */
		818C10EA2FD5AF2A005F5286 /* EstudioFlashcards.app */ = {isa = PBXFileReference; explicitFileType = wrapper.application; includeInIndex = 0; path = EstudioFlashcards.app; sourceTree = BUILT_PRODUCTS_DIR; };
/* End PBXFileReference section */

/* Begin PBXFileSystemSynchronizedRootGroup section */
		818C10EC2FD5AF2A005F5286 /* EstudioFlashcards */ = {
			isa = PBXFileSystemSynchronizedRootGroup;
			path = EstudioFlashcards;
			sourceTree = "<group>";
		};
/* End PBXFileSystemSynchronizedRootGroup section */

/* Begin PBXFrameworksBuildPhase section */
		818C10E72FD5AF2A005F5286 /* Frameworks */ = {
			isa = PBXFrameworksBuildPhase;
			buildActionMask = 2147483647;
			files = (
				8106B3262FD60BE70035F498 /* FirebaseAppDistribution-Beta in Frameworks */,
				8106B3322FD60BE70035F498 /* FirebaseFirestore in Frameworks */,
				8106B32A2FD60BE70035F498 /* FirebaseAuthCombine-Community in Frameworks */,
				8106B33C2FD60BE70035F498 /* FirebaseInstallations in Frameworks */,
				8106B31C2FD60BE70035F498 /* FirebaseAILogic in Frameworks */,
				8106B3222FD60BE70035F498 /* FirebaseAnalyticsIdentitySupport in Frameworks */,
				8106B33A2FD60BE70035F498 /* FirebaseInAppMessaging-Beta in Frameworks */,
				8106B31A2FD60BE70035F498 /* FirebaseAI in Frameworks */,
				8106B32E2FD60BE70035F498 /* FirebaseCrashlytics in Frameworks */,
				8106B3382FD60BE70035F498 /* FirebaseFunctionsCombine-Community in Frameworks */,
				8106B3482FD60BE70035F498 /* FirebaseStorageCombine-Community in Frameworks */,
				8106B3302FD60BE70035F498 /* FirebaseDatabase in Frameworks */,
				8106B3462FD60BE70035F498 /* FirebaseStorage in Frameworks */,
				8106B3442FD60BE70035F498 /* FirebaseRemoteConfig in Frameworks */,
				8106B31E2FD60BE70035F498 /* FirebaseAnalytics in Frameworks */,
				8106B3402FD60BE70035F498 /* FirebaseMessaging in Frameworks */,
				8106B33E2FD60BE70035F498 /* FirebaseMLModelDownloader in Frameworks */,
				8106B3422FD60BE70035F498 /* FirebasePerformance in Frameworks */,
				8106B32C2FD60BE70035F498 /* FirebaseCore in Frameworks */,
				8106B3242FD60BE70035F498 /* FirebaseAppCheck in Frameworks */,
				8106B3202FD60BE70035F498 /* FirebaseAnalyticsCore in Frameworks */,
				8106B3362FD60BE70035F498 /* FirebaseFunctions in Frameworks */,
				8106B3282FD60BE70035F498 /* FirebaseAuth in Frameworks */,
				8106B3342FD60BE70035F498 /* FirebaseFirestoreCombine-Community in Frameworks */,
			);
			runOnlyForDeploymentPostprocessing = 0;
		};
/* End PBXFrameworksBuildPhase section */

/* Begin PBXGroup section */
		8106B34F2FD69E850035F498 /* Frameworks */ = {
			isa = PBXGroup;
			children = (
			);
			name = Frameworks;
			sourceTree = "<group>";
		};
		818C10E12FD5AF2A005F5286 = {
			isa = PBXGroup;
			children = (
				818C10EC2FD5AF2A005F5286 /* EstudioFlashcards */,
				8106B34F2FD69E850035F498 /* Frameworks */,
				818C10EB2FD5AF2A005F5286 /* Products */,
			);
			sourceTree = "<group>";
		};
		818C10EB2FD5AF2A005F5286 /* Products */ = {
			isa = PBXGroup;
			children = (
				818C10EA2FD5AF2A005F5286 /* EstudioFlashcards.app */,
			);
			name = Products;
			sourceTree = "<group>";
		};
/* End PBXGroup section */

/* Begin PBXNativeTarget section */
		818C10E92FD5AF2A005F5286 /* EstudioFlashcards */ = {
			isa = PBXNativeTarget;
			buildConfigurationList = 818C10F52FD5AF2B005F5286 /* Build configuration list for PBXNativeTarget "EstudioFlashcards" */;
			buildPhases = (
				818C10E62FD5AF2A005F5286 /* Sources */,
				818C10E72FD5AF2A005F5286 /* Frameworks */,
				818C10E82FD5AF2A005F5286 /* Resources */,
			);
			buildRules = (
			);
			dependencies = (
			);
			fileSystemSynchronizedGroups = (
				818C10EC2FD5AF2A005F5286 /* EstudioFlashcards */,
			);
			name = EstudioFlashcards;
			packageProductDependencies = (
				8106B3192FD60BE70035F498 /* FirebaseAI */,
				8106B31B2FD60BE70035F498 /* FirebaseAILogic */,
				8106B31D2FD60BE70035F498 /* FirebaseAnalytics */,
				8106B31F2FD60BE70035F498 /* FirebaseAnalyticsCore */,
				8106B3212FD60BE70035F498 /* FirebaseAnalyticsIdentitySupport */,
				8106B3232FD60BE70035F498 /* FirebaseAppCheck */,
				8106B3252FD60BE70035F498 /* FirebaseAppDistribution-Beta */,
				8106B3272FD60BE70035F498 /* FirebaseAuth */,
				8106B3292FD60BE70035F498 /* FirebaseAuthCombine-Community */,
				8106B32B2FD60BE70035F498 /* FirebaseCore */,
				8106B32D2FD60BE70035F498 /* FirebaseCrashlytics */,
				8106B32F2FD60BE70035F498 /* FirebaseDatabase */,
				8106B3312FD60BE70035F498 /* FirebaseFirestore */,
				8106B3332FD60BE70035F498 /* FirebaseFirestoreCombine-Community */,
				8106B3352FD60BE70035F498 /* FirebaseFunctions */,
				8106B3372FD60BE70035F498 /* FirebaseFunctionsCombine-Community */,
				8106B3392FD60BE70035F498 /* FirebaseInAppMessaging-Beta */,
				8106B33B2FD60BE70035F498 /* FirebaseInstallations */,
				8106B33D2FD60BE70035F498 /* FirebaseMLModelDownloader */,
				8106B33F2FD60BE70035F498 /* FirebaseMessaging */,
				8106B3412FD60BE70035F498 /* FirebasePerformance */,
				8106B3432FD60BE70035F498 /* FirebaseRemoteConfig */,
				8106B3452FD60BE70035F498 /* FirebaseStorage */,
				8106B3472FD60BE70035F498 /* FirebaseStorageCombine-Community */,
			);
			productName = EjemploDesktop;
			productReference = 818C10EA2FD5AF2A005F5286 /* EstudioFlashcards.app */;
			productType = "com.apple.product-type.application";
		};
/* End PBXNativeTarget section */

/* Begin PBXProject section */
		818C10E22FD5AF2A005F5286 /* Project object */ = {
			isa = PBXProject;
			attributes = {
				BuildIndependentTargetsInParallel = 1;
				LastSwiftUpdateCheck = 2650;
				LastUpgradeCheck = 2650;
				TargetAttributes = {
					818C10E92FD5AF2A005F5286 = {
						CreatedOnToolsVersion = 26.5;
					};
				};
			};
			buildConfigurationList = 818C10E52FD5AF2A005F5286 /* Build configuration list for PBXProject "EstudioFlashcards" */;
			developmentRegion = en;
			hasScannedForEncodings = 0;
			knownRegions = (
				en,
				Base,
			);
			mainGroup = 818C10E12FD5AF2A005F5286;
			minimizedProjectReferenceProxies = 1;
			packageReferences = (
				8106B3182FD60BE70035F498 /* XCRemoteSwiftPackageReference "firebase-ios-sdk" */,
			);
			preferredProjectObjectVersion = 77;
			productRefGroup = 818C10EB2FD5AF2A005F5286 /* Products */;
			projectDirPath = "";
			projectRoot = "";
			targets = (
				818C10E92FD5AF2A005F5286 /* EstudioFlashcards */,
			);
		};
/* End PBXProject section */

/* Begin PBXResourcesBuildPhase section */
		818C10E82FD5AF2A005F5286 /* Resources */ = {
			isa = PBXResourcesBuildPhase;
			buildActionMask = 2147483647;
			files = (
			);
			runOnlyForDeploymentPostprocessing = 0;
		};
/* End PBXResourcesBuildPhase section */

/* Begin PBXSourcesBuildPhase section */
		818C10E62FD5AF2A005F5286 /* Sources */ = {
			isa = PBXSourcesBuildPhase;
			buildActionMask = 2147483647;
			files = (
			);
			runOnlyForDeploymentPostprocessing = 0;
		};
/* End PBXSourcesBuildPhase section */

/* Begin XCBuildConfiguration section */
		818C10F32FD5AF2B005F5286 /* Debug */ = {
			isa = XCBuildConfiguration;
			buildSettings = {
				ALWAYS_SEARCH_USER_PATHS = NO;
				ASSETCATALOG_COMPILER_GENERATE_SWIFT_ASSET_SYMBOL_EXTENSIONS = YES;
				CLANG_ANALYZER_NONNULL = YES;
				CLANG_ANALYZER_NUMBER_OBJECT_CONVERSION = YES_AGGRESSIVE;
				CLANG_CXX_LANGUAGE_STANDARD = "gnu++20";
				CLANG_ENABLE_MODULES = YES;
				CLANG_ENABLE_OBJC_ARC = YES;
				CLANG_ENABLE_OBJC_WEAK = YES;
				CLANG_WARN_BLOCK_CAPTURE_AUTORELEASING = YES;
				CLANG_WARN_BOOL_CONVERSION = YES;
				CLANG_WARN_COMMA = YES;
				CLANG_WARN_CONSTANT_CONVERSION = YES;
				CLANG_WARN_DEPRECATED_OBJC_IMPLEMENTATIONS = YES;
				CLANG_WARN_DIRECT_OBJC_ISA_USAGE = YES_ERROR;
				CLANG_WARN_DOCUMENTATION_COMMENTS = YES;
				CLANG_WARN_EMPTY_BODY = YES;
				CLANG_WARN_ENUM_CONVERSION = YES;
				CLANG_WARN_INFINITE_RECURSION = YES;
				CLANG_WARN_INT_CONVERSION = YES;
				CLANG_WARN_NON_LITERAL_NULL_CONVERSION = YES;
				CLANG_WARN_OBJC_IMPLICIT_RETAIN_SELF = YES;
				CLANG_WARN_OBJC_LITERAL_CONVERSION = YES;
				CLANG_WARN_OBJC_ROOT_CLASS = YES_ERROR;
				CLANG_WARN_QUOTED_INCLUDE_IN_FRAMEWORK_HEADER = YES;
				CLANG_WARN_RANGE_LOOP_ANALYSIS = YES;
				CLANG_WARN_STRICT_PROTOTYPES = YES;
				CLANG_WARN_SUSPICIOUS_MOVE = YES;
				CLANG_WARN_UNGUARDED_AVAILABILITY = YES_AGGRESSIVE;
				CLANG_WARN_UNREACHABLE_CODE = YES;
				CLANG_WARN__DUPLICATE_METHOD_MATCH = YES;
				COPY_PHASE_STRIP = NO;
				DEBUG_INFORMATION_FORMAT = dwarf;
				ENABLE_STRICT_OBJC_MSGSEND = YES;
				ENABLE_TESTABILITY = YES;
				ENABLE_USER_SCRIPT_SANDBOXING = YES;
				GCC_C_LANGUAGE_STANDARD = gnu17;
				GCC_DYNAMIC_NO_PIC = NO;
				GCC_NO_COMMON_BLOCKS = YES;
				GCC_OPTIMIZATION_LEVEL = 0;
				GCC_PREPROCESSOR_DEFINITIONS = (
					"DEBUG=1",
					"$(inherited)",
				);
				GCC_WARN_64_TO_32_BIT_CONVERSION = YES;
				GCC_WARN_ABOUT_RETURN_TYPE = YES_ERROR;
				GCC_WARN_UNDECLARED_SELECTOR = YES;
				GCC_WARN_UNINITIALIZED_AUTOS = YES_AGGRESSIVE;
				GCC_WARN_UNUSED_FUNCTION = YES;
				GCC_WARN_UNUSED_VARIABLE = YES;
				LOCALIZATION_PREFERS_STRING_CATALOGS = YES;
				MACOSX_DEPLOYMENT_TARGET = 26.5;
				MTL_ENABLE_DEBUG_INFO = INCLUDE_SOURCE;
				MTL_FAST_MATH = YES;
				ONLY_ACTIVE_ARCH = YES;
				SDKROOT = macosx;
				SWIFT_ACTIVE_COMPILATION_CONDITIONS = "DEBUG $(inherited)";
				SWIFT_OPTIMIZATION_LEVEL = "-Onone";
			};
			name = Debug;
		};
		818C10F42FD5AF2B005F5286 /* Release */ = {
			isa = XCBuildConfiguration;
			buildSettings = {
				ALWAYS_SEARCH_USER_PATHS = NO;
				ASSETCATALOG_COMPILER_GENERATE_SWIFT_ASSET_SYMBOL_EXTENSIONS = YES;
				CLANG_ANALYZER_NONNULL = YES;
				CLANG_ANALYZER_NUMBER_OBJECT_CONVERSION = YES_AGGRESSIVE;
				CLANG_CXX_LANGUAGE_STANDARD = "gnu++20";
				CLANG_ENABLE_MODULES = YES;
				CLANG_ENABLE_OBJC_ARC = YES;
				CLANG_ENABLE_OBJC_WEAK = YES;
				CLANG_WARN_BLOCK_CAPTURE_AUTORELEASING = YES;
				CLANG_WARN_BOOL_CONVERSION = YES;
				CLANG_WARN_COMMA = YES;
				CLANG_WARN_CONSTANT_CONVERSION = YES;
				CLANG_WARN_DEPRECATED_OBJC_IMPLEMENTATIONS = YES;
				CLANG_WARN_DIRECT_OBJC_ISA_USAGE = YES_ERROR;
				CLANG_WARN_DOCUMENTATION_COMMENTS = YES;
				CLANG_WARN_EMPTY_BODY = YES;
				CLANG_WARN_ENUM_CONVERSION = YES;
				CLANG_WARN_INFINITE_RECURSION = YES;
				CLANG_WARN_INT_CONVERSION = YES;
				CLANG_WARN_NON_LITERAL_NULL_CONVERSION = YES;
				CLANG_WARN_OBJC_IMPLICIT_RETAIN_SELF = YES;
				CLANG_WARN_OBJC_LITERAL_CONVERSION = YES;
				CLANG_WARN_OBJC_ROOT_CLASS = YES_ERROR;
				CLANG_WARN_QUOTED_INCLUDE_IN_FRAMEWORK_HEADER = YES;
				CLANG_WARN_RANGE_LOOP_ANALYSIS = YES;
				CLANG_WARN_STRICT_PROTOTYPES = YES;
				CLANG_WARN_SUSPICIOUS_MOVE = YES;
				CLANG_WARN_UNGUARDED_AVAILABILITY = YES_AGGRESSIVE;
				CLANG_WARN_UNREACHABLE_CODE = YES;
				CLANG_WARN__DUPLICATE_METHOD_MATCH = YES;
				COPY_PHASE_STRIP = NO;
				DEBUG_INFORMATION_FORMAT = "dwarf-with-dsym";
				ENABLE_NS_ASSERTIONS = NO;
				ENABLE_STRICT_OBJC_MSGSEND = YES;
				ENABLE_USER_SCRIPT_SANDBOXING = YES;
				GCC_C_LANGUAGE_STANDARD = gnu17;
				GCC_NO_COMMON_BLOCKS = YES;
				GCC_WARN_64_TO_32_BIT_CONVERSION = YES;
				GCC_WARN_ABOUT_RETURN_TYPE = YES_ERROR;
				GCC_WARN_UNDECLARED_SELECTOR = YES;
				GCC_WARN_UNINITIALIZED_AUTOS = YES_AGGRESSIVE;
				GCC_WARN_UNUSED_FUNCTION = YES;
				GCC_WARN_UNUSED_VARIABLE = YES;
				LOCALIZATION_PREFERS_STRING_CATALOGS = YES;
				MACOSX_DEPLOYMENT_TARGET = 26.5;
				MTL_ENABLE_DEBUG_INFO = NO;
				MTL_FAST_MATH = YES;
				SDKROOT = macosx;
				SWIFT_COMPILATION_MODE = wholemodule;
			};
			name = Release;
		};
		818C10F62FD5AF2B005F5286 /* Debug */ = {
			isa = XCBuildConfiguration;
			buildSettings = {
				ASSETCATALOG_COMPILER_APPICON_NAME = AppIcon;
				ASSETCATALOG_COMPILER_GLOBAL_ACCENT_COLOR_NAME = AccentColor;
				CODE_SIGN_ENTITLEMENTS = EstudioFlashcards/EstudioFlashcards.entitlements;
				"CODE_SIGN_IDENTITY[sdk=macosx*]" = "Apple Development";
				CODE_SIGN_STYLE = Automatic;
				COMBINE_HIDPI_IMAGES = YES;
				CURRENT_PROJECT_VERSION = 1;
				DEVELOPMENT_TEAM = ZP94694ML5;
				ENABLE_APP_SANDBOX = YES;
				ENABLE_INCOMING_NETWORK_CONNECTIONS = NO;
				ENABLE_OUTGOING_NETWORK_CONNECTIONS = YES;
				ENABLE_PREVIEWS = YES;
				ENABLE_RESOURCE_ACCESS_AUDIO_INPUT = NO;
				ENABLE_RESOURCE_ACCESS_BLUETOOTH = NO;
				ENABLE_RESOURCE_ACCESS_CALENDARS = NO;
				ENABLE_RESOURCE_ACCESS_CAMERA = NO;
				ENABLE_RESOURCE_ACCESS_CONTACTS = NO;
				ENABLE_RESOURCE_ACCESS_LOCATION = NO;
				ENABLE_RESOURCE_ACCESS_PRINTING = NO;
				ENABLE_RESOURCE_ACCESS_USB = NO;
				ENABLE_USER_SELECTED_FILES = readonly;
				GENERATE_INFOPLIST_FILE = YES;
				INFOPLIST_KEY_NSHumanReadableCopyright = "";
				LD_RUNPATH_SEARCH_PATHS = (
					"$(inherited)",
					"@executable_path/../Frameworks",
				);
				MARKETING_VERSION = 1.0;
				PRODUCT_BUNDLE_IDENTIFIER = com.personal.estudioflashcards;
				PRODUCT_NAME = "$(TARGET_NAME)";
				REGISTER_APP_GROUPS = YES;
				STRING_CATALOG_GENERATE_SYMBOLS = YES;
				SWIFT_APPROACHABLE_CONCURRENCY = YES;
				SWIFT_DEFAULT_ACTOR_ISOLATION = MainActor;
				SWIFT_EMIT_LOC_STRINGS = YES;
				SWIFT_UPCOMING_FEATURE_MEMBER_IMPORT_VISIBILITY = YES;
				SWIFT_VERSION = 5.0;
			};
			name = Debug;
		};
		818C10F72FD5AF2B005F5286 /* Release */ = {
			isa = XCBuildConfiguration;
			buildSettings = {
				ASSETCATALOG_COMPILER_APPICON_NAME = AppIcon;
				ASSETCATALOG_COMPILER_GLOBAL_ACCENT_COLOR_NAME = AccentColor;
				CODE_SIGN_ENTITLEMENTS = EstudioFlashcards/EstudioFlashcards.entitlements;
				"CODE_SIGN_IDENTITY[sdk=macosx*]" = "Apple Development";
				CODE_SIGN_STYLE = Automatic;
				COMBINE_HIDPI_IMAGES = YES;
				CURRENT_PROJECT_VERSION = 1;
				DEVELOPMENT_TEAM = ZP94694ML5;
				ENABLE_APP_SANDBOX = YES;
				ENABLE_INCOMING_NETWORK_CONNECTIONS = NO;
				ENABLE_OUTGOING_NETWORK_CONNECTIONS = YES;
				ENABLE_PREVIEWS = YES;
				ENABLE_RESOURCE_ACCESS_AUDIO_INPUT = NO;
				ENABLE_RESOURCE_ACCESS_BLUETOOTH = NO;
				ENABLE_RESOURCE_ACCESS_CALENDARS = NO;
				ENABLE_RESOURCE_ACCESS_CAMERA = NO;
				ENABLE_RESOURCE_ACCESS_CONTACTS = NO;
				ENABLE_RESOURCE_ACCESS_LOCATION = NO;
				ENABLE_RESOURCE_ACCESS_PRINTING = NO;
				ENABLE_RESOURCE_ACCESS_USB = NO;
				ENABLE_USER_SELECTED_FILES = readonly;
				GENERATE_INFOPLIST_FILE = YES;
				INFOPLIST_KEY_NSHumanReadableCopyright = "";
				LD_RUNPATH_SEARCH_PATHS = (
					"$(inherited)",
					"@executable_path/../Frameworks",
				);
				MARKETING_VERSION = 1.0;
				PRODUCT_BUNDLE_IDENTIFIER = com.personal.estudioflashcards;
				PRODUCT_NAME = "$(TARGET_NAME)";
				REGISTER_APP_GROUPS = YES;
				STRING_CATALOG_GENERATE_SYMBOLS = YES;
				SWIFT_APPROACHABLE_CONCURRENCY = YES;
				SWIFT_DEFAULT_ACTOR_ISOLATION = MainActor;
				SWIFT_EMIT_LOC_STRINGS = YES;
				SWIFT_UPCOMING_FEATURE_MEMBER_IMPORT_VISIBILITY = YES;
				SWIFT_VERSION = 5.0;
			};
			name = Release;
		};
/* End XCBuildConfiguration section */

/* Begin XCConfigurationList section */
		818C10E52FD5AF2A005F5286 /* Build configuration list for PBXProject "EstudioFlashcards" */ = {
			isa = XCConfigurationList;
			buildConfigurations = (
				818C10F32FD5AF2B005F5286 /* Debug */,
				818C10F42FD5AF2B005F5286 /* Release */,
			);
			defaultConfigurationIsVisible = 0;
			defaultConfigurationName = Release;
		};
		818C10F52FD5AF2B005F5286 /* Build configuration list for PBXNativeTarget "EstudioFlashcards" */ = {
			isa = XCConfigurationList;
			buildConfigurations = (
				818C10F62FD5AF2B005F5286 /* Debug */,
				818C10F72FD5AF2B005F5286 /* Release */,
			);
			defaultConfigurationIsVisible = 0;
			defaultConfigurationName = Release;
		};
/* End XCConfigurationList section */

/* Begin XCRemoteSwiftPackageReference section */
		8106B3182FD60BE70035F498 /* XCRemoteSwiftPackageReference "firebase-ios-sdk" */ = {
			isa = XCRemoteSwiftPackageReference;
			repositoryURL = "https://github.com/firebase/firebase-ios-sdk";
			requirement = {
				kind = exactVersion;
				version = 12.14.0;
			};
		};
/* End XCRemoteSwiftPackageReference section */

/* Begin XCSwiftPackageProductDependency section */
		8106B3192FD60BE70035F498 /* FirebaseAI */ = {
			isa = XCSwiftPackageProductDependency;
			package = 8106B3182FD60BE70035F498 /* XCRemoteSwiftPackageReference "firebase-ios-sdk" */;
			productName = FirebaseAI;
		};
		8106B31B2FD60BE70035F498 /* FirebaseAILogic */ = {
			isa = XCSwiftPackageProductDependency;
			package = 8106B3182FD60BE70035F498 /* XCRemoteSwiftPackageReference "firebase-ios-sdk" */;
			productName = FirebaseAILogic;
		};
		8106B31D2FD60BE70035F498 /* FirebaseAnalytics */ = {
			isa = XCSwiftPackageProductDependency;
			package = 8106B3182FD60BE70035F498 /* XCRemoteSwiftPackageReference "firebase-ios-sdk" */;
			productName = FirebaseAnalytics;
		};
		8106B31F2FD60BE70035F498 /* FirebaseAnalyticsCore */ = {
			isa = XCSwiftPackageProductDependency;
			package = 8106B3182FD60BE70035F498 /* XCRemoteSwiftPackageReference "firebase-ios-sdk" */;
			productName = FirebaseAnalyticsCore;
		};
		8106B3212FD60BE70035F498 /* FirebaseAnalyticsIdentitySupport */ = {
			isa = XCSwiftPackageProductDependency;
			package = 8106B3182FD60BE70035F498 /* XCRemoteSwiftPackageReference "firebase-ios-sdk" */;
			productName = FirebaseAnalyticsIdentitySupport;
		};
		8106B3232FD60BE70035F498 /* FirebaseAppCheck */ = {
			isa = XCSwiftPackageProductDependency;
			package = 8106B3182FD60BE70035F498 /* XCRemoteSwiftPackageReference "firebase-ios-sdk" */;
			productName = FirebaseAppCheck;
		};
		8106B3252FD60BE70035F498 /* FirebaseAppDistribution-Beta */ = {
			isa = XCSwiftPackageProductDependency;
			package = 8106B3182FD60BE70035F498 /* XCRemoteSwiftPackageReference "firebase-ios-sdk" */;
			productName = "FirebaseAppDistribution-Beta";
		};
		8106B3272FD60BE70035F498 /* FirebaseAuth */ = {
			isa = XCSwiftPackageProductDependency;
			package = 8106B3182FD60BE70035F498 /* XCRemoteSwiftPackageReference "firebase-ios-sdk" */;
			productName = FirebaseAuth;
		};
		8106B3292FD60BE70035F498 /* FirebaseAuthCombine-Community */ = {
			isa = XCSwiftPackageProductDependency;
			package = 8106B3182FD60BE70035F498 /* XCRemoteSwiftPackageReference "firebase-ios-sdk" */;
			productName = "FirebaseAuthCombine-Community";
		};
		8106B32B2FD60BE70035F498 /* FirebaseCore */ = {
			isa = XCSwiftPackageProductDependency;
			package = 8106B3182FD60BE70035F498 /* XCRemoteSwiftPackageReference "firebase-ios-sdk" */;
			productName = FirebaseCore;
		};
		8106B32D2FD60BE70035F498 /* FirebaseCrashlytics */ = {
			isa = XCSwiftPackageProductDependency;
			package = 8106B3182FD60BE70035F498 /* XCRemoteSwiftPackageReference "firebase-ios-sdk" */;
			productName = FirebaseCrashlytics;
		};
		8106B32F2FD60BE70035F498 /* FirebaseDatabase */ = {
			isa = XCSwiftPackageProductDependency;
			package = 8106B3182FD60BE70035F498 /* XCRemoteSwiftPackageReference "firebase-ios-sdk" */;
			productName = FirebaseDatabase;
		};
		8106B3312FD60BE70035F498 /* FirebaseFirestore */ = {
			isa = XCSwiftPackageProductDependency;
			package = 8106B3182FD60BE70035F498 /* XCRemoteSwiftPackageReference "firebase-ios-sdk" */;
			productName = FirebaseFirestore;
		};
		8106B3332FD60BE70035F498 /* FirebaseFirestoreCombine-Community */ = {
			isa = XCSwiftPackageProductDependency;
			package = 8106B3182FD60BE70035F498 /* XCRemoteSwiftPackageReference "firebase-ios-sdk" */;
			productName = "FirebaseFirestoreCombine-Community";
		};
		8106B3352FD60BE70035F498 /* FirebaseFunctions */ = {
			isa = XCSwiftPackageProductDependency;
			package = 8106B3182FD60BE70035F498 /* XCRemoteSwiftPackageReference "firebase-ios-sdk" */;
			productName = FirebaseFunctions;
		};
		8106B3372FD60BE70035F498 /* FirebaseFunctionsCombine-Community */ = {
			isa = XCSwiftPackageProductDependency;
			package = 8106B3182FD60BE70035F498 /* XCRemoteSwiftPackageReference "firebase-ios-sdk" */;
			productName = "FirebaseFunctionsCombine-Community";
		};
		8106B3392FD60BE70035F498 /* FirebaseInAppMessaging-Beta */ = {
			isa = XCSwiftPackageProductDependency;
			package = 8106B3182FD60BE70035F498 /* XCRemoteSwiftPackageReference "firebase-ios-sdk" */;
			productName = "FirebaseInAppMessaging-Beta";
		};
		8106B33B2FD60BE70035F498 /* FirebaseInstallations */ = {
			isa = XCSwiftPackageProductDependency;
			package = 8106B3182FD60BE70035F498 /* XCRemoteSwiftPackageReference "firebase-ios-sdk" */;
			productName = FirebaseInstallations;
		};
		8106B33D2FD60BE70035F498 /* FirebaseMLModelDownloader */ = {
			isa = XCSwiftPackageProductDependency;
			package = 8106B3182FD60BE70035F498 /* XCRemoteSwiftPackageReference "firebase-ios-sdk" */;
			productName = FirebaseMLModelDownloader;
		};
		8106B33F2FD60BE70035F498 /* FirebaseMessaging */ = {
			isa = XCSwiftPackageProductDependency;
			package = 8106B3182FD60BE70035F498 /* XCRemoteSwiftPackageReference "firebase-ios-sdk" */;
			productName = FirebaseMessaging;
		};
		8106B3412FD60BE70035F498 /* FirebasePerformance */ = {
			isa = XCSwiftPackageProductDependency;
			package = 8106B3182FD60BE70035F498 /* XCRemoteSwiftPackageReference "firebase-ios-sdk" */;
			productName = FirebasePerformance;
		};
		8106B3432FD60BE70035F498 /* FirebaseRemoteConfig */ = {
			isa = XCSwiftPackageProductDependency;
			package = 8106B3182FD60BE70035F498 /* XCRemoteSwiftPackageReference "firebase-ios-sdk" */;
			productName = FirebaseRemoteConfig;
		};
		8106B3452FD60BE70035F498 /* FirebaseStorage */ = {
			isa = XCSwiftPackageProductDependency;
			package = 8106B3182FD60BE70035F498 /* XCRemoteSwiftPackageReference "firebase-ios-sdk" */;
			productName = FirebaseStorage;
		};
		8106B3472FD60BE70035F498 /* FirebaseStorageCombine-Community */ = {
			isa = XCSwiftPackageProductDependency;
			package = 8106B3182FD60BE70035F498 /* XCRemoteSwiftPackageReference "firebase-ios-sdk" */;
			productName = "FirebaseStorageCombine-Community";
		};
/* End XCSwiftPackageProductDependency section */
	};
	rootObject = 818C10E22FD5AF2A005F5286 /* Project object */;
}
